// !$*UTF8*$!
{
	archiveVersion = 1;
	classes = {
	};
	objectVersion = 56;
	objects = {

/* Begin PBXBuildFile section */
		1358D0C629100E4000803741 /* AppDelegate.swift in Sources */ = {isa = PBXBuildFile; fileRef = 1358D0C529100E4000803741 /* AppDelegate.swift */; };
		1358D0C829100E4000803741 /* SceneDelegate.swift in Sources */ = {isa = PBXBuildFile; fileRef = 1358D0C729100E4000803741 /* SceneDelegate.swift */; };
		1358D0CA29100E4000803741 /* ViewController.swift in Sources */ = {isa = PBXBuildFile; fileRef = 1358D0C929100E4000803741 /* ViewController.swift */; };
		1358D0CD29100E4000803741 /* Main.storyboard in Resources */ = {isa = PBXBuildFile; fileRef = 1358D0CB29100E4000803741 /* Main.storyboard */; };
		1358D0CF29100E4100803741 /* Assets.xcassets in Resources */ = {isa = PBXBuildFile; fileRef = 1358D0CE29100E4100803741 /* Assets.xcassets */; };
		1358D0D229100E4100803741 /* LaunchScreen.storyboard in Resources */ = {isa = PBXBuildFile; fileRef = 1358D0D029100E4100803741 /* LaunchScreen.storyboard */; };
		1358D0DA2910102A00803741 /* PersonCell.swift in Sources */ = {isa = PBXBuildFile; fileRef = 1358D0D92910102A00803741 /* PersonCell.swift */; };
		1361D7D62910534B00BE6320 /* Person.swift in Sources */ = {isa = PBXBuildFile; fileRef = 1361D7D52910534B00BE6320 /* Person.swift */; };
/* End PBXBuildFile section */

/* Begin PBXFileReference section */
		1358D0C229100E4000803741 /* HackingWithSwiftProject10.app */ = {isa = PBXFileReference; explicitFileType = wrapper.application; includeInIndex = 0; path = HackingWithSwiftProject10.app; sourceTree = BUILT_PRODUCTS_DIR; };
		1358D0C529100E4000803741 /* AppDelegate.swift */ = {isa = PBXFileReference; lastKnownFileType = sourcecode.swift; path = AppDelegate.swift; sourceTree = "<group>"; };
		1358D0C729100E4000803741 /* SceneDelegate.swift */ = {isa = PBXFileReference; lastKnownFileType = sourcecode.swift; path = SceneDelegate.swift; sourceTree = "<group>"; };
		1358D0C929100E4000803741 /* ViewController.swift */ = {isa = PBXFileReference; lastKnownFileType = sourcecode.swift; path = ViewController.swift; sourceTree = "<group>"; };
		1358D0CC29100E4000803741 /* Base */ = {isa = PBXFileReference; lastKnownFileType = file.storyboard; name = Base; path = Base.lproj/Main.storyboard; sourceTree = "<group>"; };
		1358D0CE29100E4100803741 /* Assets.xcassets */ = {isa = PBXFileReference; lastKnownFileType = folder.assetcatalog; path = Assets.xcassets; sourceTree = "<group>"; };
		1358D0D129100E4100803741 /* Base */ = {isa = PBXFileReference; lastKnownFileType = file.storyboard; name = Base; path = Base.lproj/LaunchScreen.storyboard; sourceTree = "<group>"; };
		1358D0D329100E4100803741 /* Info.plist */ = {isa = PBXFileReference; lastKnownFileType = text.plist.xml; path = Info.plist; sourceTree = "<group>"; };
		1358D0D92910102A00803741 /* PersonCell.swift */ = {isa = PBXFileReference; lastKnownFileType = sourcecode.swift; path = PersonCell.swift; sourceTree = "<group>"; };
		1361D7D52910534B00BE6320 /* Person.swift */ = {isa = PBXFileReference; lastKnownFileType = sourcecode.swift; path = Person.swift; sourceTree = "<group>"; };
/* End PBXFileReference section */

/* Begin PBXFrameworksBuildPhase section */
		1358D0BF29100E4000803741 /* Frameworks */ = {
			isa = PBXFrameworksBuildPhase;
			buildActionMask = 2147483647;
			files = (
			);
			runOnlyForDeploymentPostprocessing = 0;
		};
/* End PBXFrameworksBuildPhase section */

/* Begin PBXGroup section */
		1358D0B929100E4000803741 = {
			isa = PBXGroup;
			children = (
				1358D0C429100E4000803741 /* HackingWithSwiftProject10 */,
				1358D0C329100E4000803741 /* Products */,
			);
			sourceTree = "<group>";
		};
		1358D0C329100E4000803741 /* Products */ = {
			isa = PBXGroup;
			children = (
				1358D0C229100E4000803741 /* HackingWithSwiftProject10.app */,
			);
			name = Products;
			sourceTree = "<group>";
		};
		1358D0C429100E4000803741 /* HackingWithSwiftProject10 */ = {
			isa = PBXGroup;
			children = (
				1361D7D52910534B00BE6320 /* Person.swift */,
				1358D0C529100E4000803741 /* AppDelegate.swift */,
				1358D0C729100E4000803741 /* SceneDelegate.swift */,
				1358D0C929100E4000803741 /* ViewController.swift */,
				1358D0D92910102A00803741 /* PersonCell.swift */,
				1358D0CB29100E4000803741 /* Main.storyboard */,
				1358D0CE29100E4100803741 /* Assets.xcassets */,
				1358D0D029100E4100803741 /* LaunchScreen.storyboard */,
				1358D0D329100E4100803741 /* Info.plist */,
			);
			path = HackingWithSwiftProject10;
			sourceTree = "<group>";
		};
/* End PBXGroup section */

/* Begin PBXNativeTarget section */
		1358D0C129100E4000803741 /* HackingWithSwiftProject10 */ = {
			isa = PBXNativeTarget;
			buildConfigurationList = 1358D0D629100E4100803741 /* Build configuration list for PBXNativeTarget "HackingWithSwiftProject10" */;
			buildPhases = (
				1358D0BE29100E4000803741 /* Sources */,
				1358D0BF29100E4000803741 /* Frameworks */,
				1358D0C029100E4000803741 /* Resources */,
			);
			buildRules = (
			);
			dependencies = (
			);
			name = HackingWithSwiftProject10;
			productName = HackingWithSwiftProject10;
			productReference = 1358D0C229100E4000803741 /* HackingWithSwiftProject10.app */;
			productType = "com.apple.product-type.application";
		};
/* End PBXNativeTarget section */

/* Begin PBXProject section */
		1358D0BA29100E4000803741 /* Project object */ = {
			isa = PBXProject;
			attributes = {
				BuildIndependentTargetsInParallel = 1;
				LastSwiftUpdateCheck = 1400;
				LastUpgradeCheck = 1400;
				TargetAttributes = {
					1358D0C129100E4000803741 = {
						CreatedOnToolsVersion = 14.0.1;
					};
				};
			};
			buildConfigurationList = 1358D0BD29100E4000803741 /* Build configuration list for PBXProject "HackingWithSwiftProject10" */;
			compatibilityVersion = "Xcode 14.0";
			developmentRegion = en;
			hasScannedForEncodings = 0;
			knownRegions = (
				en,
				Base,
			);
			mainGroup = 1358D0B929100E4000803741;
			productRefGroup = 1358D0C329100E4000803741 /* Products */;
			projectDirPath = "";
			projectRoot = "";
			targets = (
				1358D0C129100E4000803741 /* HackingWithSwiftProject10 */,
			);
		};
/* End PBXProject section */

/* Begin PBXResourcesBuildPhase section */
		1358D0C029100E4000803741 /* Resources */ = {
			isa = PBXResourcesBuildPhase;
			buildActionMask = 2147483647;
			files = (
				1358D0D229100E4100803741 /* LaunchScreen.storyboard in Resources */,
				1358D0CF29100E4100803741 /* Assets.xcassets in Resources */,
				1358D0CD29100E4000803741 /* Main.storyboard in Resources */,
			);
			runOnlyForDeploymentPostprocessing = 0;
		};
/* End PBXResourcesBuildPhase section */

/* Begin PBXSourcesBuildPhase section */
		1358D0BE29100E4000803741 /* Sources */ = {
			isa = PBXSourcesBuildPhase;
			buildActionMask = 2147483647;
			files = (
				1361D7D62910534B00BE6320 /* Person.swift in Sources */,
				1358D0CA29100E4000803741 /* ViewController.swift in Sources */,
				1358D0C629100E4000803741 /* AppDelegate.swift in Sources */,
				1358D0DA2910102A00803741 /* PersonCell.swift in Sources */,
				1358D0C829100E4000803741 /* SceneDelegate.swift in Sources */,
			);
			runOnlyForDeploymentPostprocessing = 0;
		};
/* End PBXSourcesBuildPhase section */

/* Begin PBXVariantGroup section */
		1358D0CB29100E4000803741 /* Main.storyboard */ = {
			isa = PBXVariantGroup;
			children = (
				1358D0CC29100E4000803741 /* Base */,
			);
			name = Main.storyboard;
			sourceTree = "<group>";
		};
		1358D0D029100E4100803741 /* LaunchScreen.storyboard */ = {
			isa = PBXVariantGroup;
			children = (
				1358D0D129100E4100803741 /* Base */,
			);
			name = LaunchScreen.storyboard;
			sourceTree = "<group>";
		};
/* End PBXVariantGroup section */

/* Begin XCBuildConfiguration section */
		1358D0D429100E4100803741 /* Debug */ = {
			isa = XCBuildConfiguration;
			buildSettings = {
				ALWAYS_SEARCH_USER_PATHS = NO;
				CLANG_ANALYZER_NONNULL = YES;
				CLANG_ANALYZER_NUMBER_OBJECT_CONVERSION = YES_AGGRESSIVE;
				CLANG_CXX_LANGUAGE_STANDARD = "gnu++20";
				CLANG_ENABLE_MODULES = YES;
				CLANG_ENABLE_OBJC_ARC = YES;
				CLANG_ENABLE_OBJC_WEAK = YES;
				CLANG_WARN_BLOCK_CAPTURE_AUTORELEASING = YES;
				CLANG_WARN_BOOL_CONVERSION = YES;
				CLANG_WARN_COMMA = YES;
				CLANG_WARN_CONSTANT_CONVERSION = YES;
				CLANG_WARN_DEPRECATED_OBJC_IMPLEMENTATIONS = YES;
				CLANG_WARN_DIRECT_OBJC_ISA_USAGE = YES_ERROR;
				CLANG_WARN_DOCUMENTATION_COMMENTS = YES;
				CLANG_WARN_EMPTY_BODY = YES;
				CLANG_WARN_ENUM_CONVERSION = YES;
				CLANG_WARN_INFINITE_RECURSION = YES;
				CLANG_WARN_INT_CONVERSION = YES;
				CLANG_WARN_NON_LITERAL_NULL_CONVERSION = YES;
				CLANG_WARN_OBJC_IMPLICIT_RETAIN_SELF = YES;
				CLANG_WARN_OBJC_LITERAL_CONVERSION = YES;
				CLANG_WARN_OBJC_ROOT_CLASS = YES_ERROR;
				CLANG_WARN_QUOTED_INCLUDE_IN_FRAMEWORK_HEADER = YES;
				CLANG_WARN_RANGE_LOOP_ANALYSIS = YES;
				CLANG_WARN_STRICT_PROTOTYPES = YES;
				CLANG_WARN_SUSPICIOUS_MOVE = YES;
				CLANG_WARN_UNGUARDED_AVAILABILITY = YES_AGGRESSIVE;
				CLANG_WARN_UNREACHABLE_CODE = YES;
				CLANG_WARN__DUPLICATE_METHOD_MATCH = YES;
				COPY_PHASE_STRIP = NO;
				DEBUG_INFORMATION_FORMAT = dwarf;
				ENABLE_STRICT_OBJC_MSGSEND = YES;
				ENABLE_TESTABILITY = YES;
				GCC_C_LANGUAGE_STANDARD = gnu11;
				GCC_DYNAMIC_NO_PIC = NO;
				GCC_NO_COMMON_BLOCKS = YES;
				GCC_OPTIMIZATION_LEVEL = 0;
				GCC_PREPROCESSOR_DEFINITIONS = (
					"DEBUG=1",
					"$(inherited)",
				);
				GCC_WARN_64_TO_32_BIT_CONVERSION = YES;
				GCC_WARN_ABOUT_RETURN_TYPE = YES_ERROR;
				GCC_WARN_UNDECLARED_SELECTOR = YES;
				GCC_WARN_UNINITIALIZED_AUTOS = YES_AGGRESSIVE;
				GCC_WARN_UNUSED_FUNCTION = YES;
				GCC_WARN_UNUSED_VARIABLE = YES;
				IPHONEOS_DEPLOYMENT_TARGET = 16.0;
				MTL_ENABLE_DEBUG_INFO = INCLUDE_SOURCE;
				MTL_FAST_MATH = YES;
				ONLY_ACTIVE_ARCH = YES;
				SDKROOT = iphoneos;
				SWIFT_ACTIVE_COMPILATION_CONDITIONS = DEBUG;
				SWIFT_OPTIMIZATION_LEVEL = "-Onone";
			};
			name = Debug;
		};
		1358D0D529100E4100803741 /* Release */ = {
			isa = XCBuildConfiguration;
			buildSettings = {
				ALWAYS_SEARCH_USER_PATHS = NO;
				CLANG_ANALYZER_NONNULL = YES;
				CLANG_ANALYZER_NUMBER_OBJECT_CONVERSION = YES_AGGRESSIVE;
				CLANG_CXX_LANGUAGE_STANDARD = "gnu++20";
				CLANG_ENABLE_MODULES = YES;
				CLANG_ENABLE_OBJC_ARC = YES;
				CLANG_ENABLE_OBJC_WEAK = YES;
				CLANG_WARN_BLOCK_CAPTURE_AUTORELEASING = YES;
				CLANG_WARN_BOOL_CONVERSION = YES;
				CLANG_WARN_COMMA = YES;
				CLANG_WARN_CONSTANT_CONVERSION = YES;
				CLANG_WARN_DEPRECATED_OBJC_IMPLEMENTATIONS = YES;
				CLANG_WARN_DIRECT_OBJC_ISA_USAGE = YES_ERROR;
				CLANG_WARN_DOCUMENTATION_COMMENTS = YES;
				CLANG_WARN_EMPTY_BODY = YES;
				CLANG_WARN_ENUM_CONVERSION = YES;
				CLANG_WARN_INFINITE_RECURSION = YES;
				CLANG_WARN_INT_CONVERSION = YES;
				CLANG_WARN_NON_LITERAL_NULL_CONVERSION = YES;
				CLANG_WARN_OBJC_IMPLICIT_RETAIN_SELF = YES;
				CLANG_WARN_OBJC_LITERAL_CONVERSION = YES;
				CLANG_WARN_OBJC_ROOT_CLASS = YES_ERROR;
				CLANG_WARN_QUOTED_INCLUDE_IN_FRAMEWORK_HEADER = YES;
				CLANG_WARN_RANGE_LOOP_ANALYSIS = YES;
				CLANG_WARN_STRICT_PROTOTYPES = YES;
				CLANG_WARN_SUSPICIOUS_MOVE = YES;
				CLANG_WARN_UNGUARDED_AVAILABILITY = YES_AGGRESSIVE;
				CLANG_WARN_UNREACHABLE_CODE = YES;
				CLANG_WARN__DUPLICATE_METHOD_MATCH = YES;
				COPY_PHASE_STRIP = NO;
				DEBUG_INFORMATION_FORMAT = "dwarf-with-dsym";
				ENABLE_NS_ASSERTIONS = NO;
				ENABLE_STRICT_OBJC_MSGSEND = YES;
				GCC_C_LANGUAGE_STANDARD = gnu11;
				GCC_NO_COMMON_BLOCKS = YES;
				GCC_WARN_64_TO_32_BIT_CONVERSION = YES;
				GCC_WARN_ABOUT_RETURN_TYPE = YES_ERROR;
				GCC_WARN_UNDECLARED_SELECTOR = YES;
				GCC_WARN_UNINITIALIZED_AUTOS = YES_AGGRESSIVE;
				GCC_WARN_UNUSED_FUNCTION = YES;
				GCC_WARN_UNUSED_VARIABLE = YES;
				IPHONEOS_DEPLOYMENT_TARGET = 16.0;
				MTL_ENABLE_DEBUG_INFO = NO;
				MTL_FAST_MATH = YES;
				SDKROOT = iphoneos;
				SWIFT_COMPILATION_MODE = wholemodule;
				SWIFT_OPTIMIZATION_LEVEL = "-O";
				VALIDATE_PRODUCT = YES;
			};
			name = Release;
		};
		1358D0D729100E4100803741 /* Debug */ = {
			isa = XCBuildConfiguration;
			buildSettings = {
				ASSETCATALOG_COMPILER_APPICON_NAME = AppIcon;
				ASSETCATALOG_COMPILER_GLOBAL_ACCENT_COLOR_NAME = AccentColor;
				CODE_SIGN_STYLE = Automatic;
				CURRENT_PROJECT_VERSION = 1;
				DEVELOPMENT_TEAM = 9D4R4SJU6T;
				GENERATE_INFOPLIST_FILE = YES;
				INFOPLIST_FILE = HackingWithSwiftProject10/Info.plist;
				INFOPLIST_KEY_UIApplicationSupportsIndirectInputEvents = YES;
				INFOPLIST_KEY_UILaunchStoryboardName = LaunchScreen;
				INFOPLIST_KEY_UIMainStoryboardFile = Main;
				INFOPLIST_KEY_UISupportedInterfaceOrientations_iPad = "UIInterfaceOrientationPortrait UIInterfaceOrientationPortraitUpsideDown UIInterfaceOrientationLandscapeLeft UIInterfaceOrientationLandscapeRight";
				INFOPLIST_KEY_UISupportedInterfaceOrientations_iPhone = "UIInterfaceOrientationPortrait UIInterfaceOrientationLandscapeLeft UIInterfaceOrientationLandscapeRight";
				LD_RUNPATH_SEARCH_PATHS = (
					"$(inherited)",
					"@executable_path/Frameworks",
				);
				MARKETING_VERSION = 1.0;
				PRODUCT_BUNDLE_IDENTIFIER = "Pedro-Ivo-Aquino.HackingWithSwiftProject10";
				PRODUCT_NAME = "$(TARGET_NAME)";
				SWIFT_EMIT_LOC_STRINGS = YES;
				SWIFT_VERSION = 5.0;
				TARGETED_DEVICE_FAMILY = "1,2";
			};
			name = Debug;
		};
		1358D0D829100E4100803741 /* Release */ = {
			isa = XCBuildConfiguration;
			buildSettings = {
				ASSETCATALOG_COMPILER_APPICON_NAME = AppIcon;
				ASSETCATALOG_COMPILER_GLOBAL_ACCENT_COLOR_NAME = AccentColor;
				CODE_SIGN_STYLE = Automatic;
				CURRENT_PROJECT_VERSION = 1;
				DEVELOPMENT_TEAM = 9D4R4SJU6T;
				GENERATE_INFOPLIST_FILE = YES;
				INFOPLIST_FILE = HackingWithSwiftProject10/Info.plist;
				INFOPLIST_KEY_UIApplicationSupportsIndirectInputEvents = YES;
				INFOPLIST_KEY_UILaunchStoryboardName = LaunchScreen;
				INFOPLIST_KEY_UIMainStoryboardFile = Main;
				INFOPLIST_KEY_UISupportedInterfaceOrientations_iPad = "UIInterfaceOrientationPortrait UIInterfaceOrientationPortraitUpsideDown UIInterfaceOrientationLandscapeLeft UIInterfaceOrientationLandscapeRight";
				INFOPLIST_KEY_UISupportedInterfaceOrientations_iPhone = "UIInterfaceOrientationPortrait UIInterfaceOrientationLandscapeLeft UIInterfaceOrientationLandscapeRight";
				LD_RUNPATH_SEARCH_PATHS = (
					"$(inherited)",
					"@executable_path/Frameworks",
				);
				MARKETING_VERSION = 1.0;
				PRODUCT_BUNDLE_IDENTIFIER = "Pedro-Ivo-Aquino.HackingWithSwiftProject10";
				PRODUCT_NAME = "$(TARGET_NAME)";
				SWIFT_EMIT_LOC_STRINGS = YES;
				SWIFT_VERSION = 5.0;
				TARGETED_DEVICE_FAMILY = "1,2";
			};
			name = Release;
		};
/* End XCBuildConfiguration section */

/* Begin XCConfigurationList section */
		1358D0BD29100E4000803741 /* Build configuration list for PBXProject "HackingWithSwiftProject10" */ = {
			isa = XCConfigurationList;
			buildConfigurations = (
				1358D0D429100E4100803741 /* Debug */,
				1358D0D529100E4100803741 /* Release */,
			);
			defaultConfigurationIsVisible = 0;
			defaultConfigurationName = Release;
		};
		1358D0D629100E4100803741 /* Build configuration list for PBXNativeTarget "HackingWithSwiftProject10" */ = {
			isa = XCConfigurationList;
			buildConfigurations = (
				1358D0D729100E4100803741 /* Debug */,
				1358D0D829100E4100803741 /* Release */,
			);
			defaultConfigurationIsVisible = 0;
			defaultConfigurationName = Release;
		};
/* End XCConfigurationList section */
	};
	rootObject = 1358D0BA29100E4000803741 /* Project object */;
}
